<?xml version="1.0" encoding="utf-8"?>
<Project ToolsVersion="4.0" xmlns="http://schemas.microsoft.com/developer/msbuild/2003">
  <ItemGroup>
    <Filter Include="Source Files">
      <UniqueIdentifier>{4FC737F1-C7A5-4376-A066-2A32D752A2FF}</UniqueIdentifier>
      <Extensions>cpp;c;cc;cxx;def;odl;idl;hpj;bat;asm;asmx</Extensions>
    </Filter>
    <Filter Include="Header Files">
      <UniqueIdentifier>{93995380-89BD-4b04-88EB-625FBE52EBFB}</UniqueIdentifier>
      <Extensions>h;hh;hpp;hxx;hm;inl;inc;xsd</Extensions>
    </Filter>
    <Filter Include="Resource Files">
      <UniqueIdentifier>{D9D6E242-F8AF-46E4-B9FD-80ECBC20BA3E}</UniqueIdentifier>
      <Extensions>qrc;*</Extensions>
      <ParseFiles>false</ParseFiles>
    </Filter>
    <Filter Include="Form Files">
      <UniqueIdentifier>{99349809-55BA-4b9d-BF79-8FDBB0286EB3}</UniqueIdentifier>
      <Extensions>ui</Extensions>
    </Filter>
    <Filter Include="Resource Files">
      <UniqueIdentifier>{D9D6E242-F8AF-46E4-B9FD-80ECBC20BA3E}</UniqueIdentifier>
      <Extensions>qrc;*</Extensions>
      <ParseFiles>false</ParseFiles>
    </Filter>
    <Filter Include="Generated Files">
      <UniqueIdentifier>{71ED8ED8-ACB9-4CE9-BBE1-E00B30144E11}</UniqueIdentifier>
      <Extensions>moc;h;cpp</Extensions>
      <SourceControlFiles>False</SourceControlFiles>
    </Filter>
  </ItemGroup>
  <ItemGroup>
    <ClCompile Include="common\parameter.cpp">
      <Filter>Source Files</Filter>
    </ClCompile>
    <ClCompile Include="common\workboard.cpp">
      <Filter>Source Files</Filter>
    </ClCompile>
    <ClCompile Include="model\HeatDataModel.cpp">
      <Filter>Source Files</Filter>
    </ClCompile>
    <ClCompile Include="viewmodel\HeatViewModel.cpp">
      <Filter>Source Files</Filter>
    </ClCompile>
    <ClCompile Include="app\app.cpp">
      <Filter>Source Files</Filter>
    </ClCompile>
    <ClCompile Include="view\heatview.cpp">
      <Filter>Source Files</Filter>
    </ClCompile>
    <ClCompile Include="main.cpp">
      <Filter>Source Files</Filter>
    </ClCompile>
    <ClCompile Include="window\MainWindow.cpp">
      <Filter>Source Files</Filter>
    </ClCompile>
    <ClCompile Include="window\sink\mainwindowcommandsink.cpp">
      <Filter>Source Files</Filter>
    </ClCompile>
    <ClCompile Include="window\sink\mainwindowpropertysink.cpp">
      <Filter>Source Files</Filter>
    </ClCompile>
    <ClCompile Include="viewmodel\commands\CalcCommand.cpp">
      <Filter>Source Files</Filter>
    </ClCompile>
    <ClCompile Include="viewmodel\sinks\HeatViewModelSink.cpp">
      <Filter>Source Files</Filter>
    </ClCompile>
    <ClCompile Include="view\myheader.cpp">
      <Filter>Source Files</Filter>
    </ClCompile>
    <ClCompile Include="view\QtGuiClass.cpp">
      <Filter>Source Files</Filter>
    </ClCompile>
  </ItemGroup>
  <ItemGroup>
    <QtMoc Include="window\MainWindow.h">
      <Filter>Header Files</Filter>
    </QtMoc>
    <QtMoc Include="view\heatview.h">
      <Filter>Header Files</Filter>
    </QtMoc>
    <QtMoc Include="view\QtGuiClass.h">
      <Filter>Header Files</Filter>
    </QtMoc>
  </ItemGroup>
  <ItemGroup>
    <QtUic Include="window\MainWindow.ui">
      <Filter>Form Files</Filter>
    </QtUic>
    <QtUic Include="view\QtGuiClass.ui">
      <Filter>Form Files</Filter>
    </QtUic>
    <QtUic Include="view\heatview.ui">
      <Filter>Form Files</Filter>
    </QtUic>
  </ItemGroup>
  <ItemGroup>
    <ClInclude Include="others\ETL\ATL\include\atlacc.h">
      <Filter>Header Files</Filter>
    </ClInclude>
    <ClInclude Include="others\ETL\ATL\include\atlalloc.h">
      <Filter>Header Files</Filter>
    </ClInclude>
    <ClInclude Include="others\ETL\ATL\include\atlbase.h">
      <Filter>Header Files</Filter>
    </ClInclude>
    <ClInclude Include="others\ETL\ATL\include\atlbuild.h">
      <Filter>Header Files</Filter>
    </ClInclude>
    <ClInclude Include="others\ETL\ATL\include\atlchecked.h">
      <Filter>Header Files</Filter>
    </ClInclude>
    <ClInclude Include="others\ETL\ATL\include\atlcoll.h">
      <Filter>Header Files</Filter>
    </ClInclude>
    <ClInclude Include="others\ETL\ATL\include\atlcom.h">
      <Filter>Header Files</Filter>
    </ClInclude>
    <ClInclude Include="others\ETL\ATL\include\atlcomcli.h">
      <Filter>Header Files</Filter>
    </ClInclude>
    <ClInclude Include="others\ETL\ATL\include\ATLComMem.h">
      <Filter>Header Files</Filter>
    </ClInclude>
    <ClInclude Include="others\ETL\ATL\include\ATLComTime.h">
      <Filter>Header Files</Filter>
    </ClInclude>
    <ClInclude Include="others\ETL\ATL\include\atlconv.h">
      <Filter>Header Files</Filter>
    </ClInclude>
    <ClInclude Include="others\ETL\ATL\include\atlcore.h">
      <Filter>Header Files</Filter>
    </ClInclude>
    <ClInclude Include="others\ETL\ATL\include\atlctl.h">
      <Filter>Header Files</Filter>
    </ClInclude>
    <ClInclude Include="others\ETL\ATL\include\atlcur.h">
      <Filter>Header Files</Filter>
    </ClInclude>
    <ClInclude Include="others\ETL\ATL\include\atldb.h">
      <Filter>Header Files</Filter>
    </ClInclude>
    <ClInclude Include="others\ETL\ATL\include\atldbcli.h">
      <Filter>Header Files</Filter>
    </ClInclude>
    <ClInclude Include="others\ETL\ATL\include\atldbgmem.h">
      <Filter>Header Files</Filter>
    </ClInclude>
    <ClInclude Include="others\ETL\ATL\include\atldbsch.h">
      <Filter>Header Files</Filter>
    </ClInclude>
    <ClInclude Include="others\ETL\ATL\include\atldef.h">
      <Filter>Header Files</Filter>
    </ClInclude>
    <ClInclude Include="others\ETL\ATL\include\atlenc.h">
      <Filter>Header Files</Filter>
    </ClInclude>
    <ClInclude Include="others\ETL\ATL\include\atlevent.h">
      <Filter>Header Files</Filter>
    </ClInclude>
    <ClInclude Include="others\ETL\ATL\include\atlexcept.h">
      <Filter>Header Files</Filter>
    </ClInclude>
    <ClInclude Include="others\ETL\ATL\include\atlfile.h">
      <Filter>Header Files</Filter>
    </ClInclude>
    <ClInclude Include="others\ETL\ATL\include\atlhandler.h">
      <Filter>Header Files</Filter>
    </ClInclude>
    <ClInclude Include="others\ETL\ATL\include\atlhandlerimpl.h">
      <Filter>Header Files</Filter>
    </ClInclude>
    <ClInclude Include="others\ETL\ATL\include\atlhost.h">
      <Filter>Header Files</Filter>
    </ClInclude>
    <ClInclude Include="others\ETL\ATL\include\atliface.h">
      <Filter>Header Files</Filter>
    </ClInclude>
    <ClInclude Include="others\ETL\ATL\include\atlimage.h">
      <Filter>Header Files</Filter>
    </ClInclude>
    <ClInclude Include="others\ETL\ATL\include\atlmem.h">
      <Filter>Header Files</Filter>
    </ClInclude>
    <ClInclude Include="others\ETL\ATL\include\atlpath.h">
      <Filter>Header Files</Filter>
    </ClInclude>
    <ClInclude Include="others\ETL\ATL\include\atlplus.h">
      <Filter>Header Files</Filter>
    </ClInclude>
    <ClInclude Include="others\ETL\ATL\include\atlpreviewctrlimpl.h">
      <Filter>Header Files</Filter>
    </ClInclude>
    <ClInclude Include="others\ETL\ATL\include\atlrc.h">
      <Filter>Header Files</Filter>
    </ClInclude>
    <ClInclude Include="others\ETL\ATL\include\atlsafe.h">
      <Filter>Header Files</Filter>
    </ClInclude>
    <ClInclude Include="others\ETL\ATL\include\atlsecurity.h">
      <Filter>Header Files</Filter>
    </ClInclude>
    <ClInclude Include="others\ETL\ATL\include\atlsimpcoll.h">
      <Filter>Header Files</Filter>
    </ClInclude>
    <ClInclude Include="others\ETL\ATL\include\atlsimpstr.h">
      <Filter>Header Files</Filter>
    </ClInclude>
    <ClInclude Include="others\ETL\ATL\include\atlsnap.h">
      <Filter>Header Files</Filter>
    </ClInclude>
    <ClInclude Include="others\ETL\ATL\include\atlsocket.h">
      <Filter>Header Files</Filter>
    </ClInclude>
    <ClInclude Include="others\ETL\ATL\include\atlstdthunk.h">
      <Filter>Header Files</Filter>
    </ClInclude>
    <ClInclude Include="others\ETL\ATL\include\atlstr.h">
      <Filter>Header Files</Filter>
    </ClInclude>
    <ClInclude Include="others\ETL\ATL\include\atlsync.h">
      <Filter>Header Files</Filter>
    </ClInclude>
    <ClInclude Include="others\ETL\ATL\include\atlthunk.h">
      <Filter>Header Files</Filter>
    </ClInclude>
    <ClInclude Include="others\ETL\ATL\include\atltime.h">
      <Filter>Header Files</Filter>
    </ClInclude>
    <ClInclude Include="others\ETL\ATL\include\atltrace.h">
      <Filter>Header Files</Filter>
    </ClInclude>
    <ClInclude Include="others\ETL\ATL\include\atltransactionmanager.h">
      <Filter>Header Files</Filter>
    </ClInclude>
    <ClInclude Include="others\ETL\ATL\include\atltypes.h">
      <Filter>Header Files</Filter>
    </ClInclude>
    <ClInclude Include="others\ETL\ATL\include\atlutil.h">
      <Filter>Header Files</Filter>
    </ClInclude>
    <ClInclude Include="others\ETL\ATL\include\atlwin.h">
      <Filter>Header Files</Filter>
    </ClInclude>
    <ClInclude Include="others\ETL\ATL\include\atlwinverapi.h">
      <Filter>Header Files</Filter>
    </ClInclude>
    <ClInclude Include="others\ETL\ATL\include\atlxml.h">
      <Filter>Header Files</Filter>
    </ClInclude>
    <ClInclude Include="others\ETL\ATL\include\cstringt.h">
      <Filter>Header Files</Filter>
    </ClInclude>
    <ClInclude Include="others\ETL\ATL\include\ocdb.h">
      <Filter>Header Files</Filter>
    </ClInclude>
    <ClInclude Include="others\ETL\ATL\include\ocdbid.h">
      <Filter>Header Files</Filter>
    </ClInclude>
    <ClInclude Include="others\ETL\ATL\include\olebind.h">
      <Filter>Header Files</Filter>
    </ClInclude>
    <ClInclude Include="others\ETL\ATL\include\statreg.h">
      <Filter>Header Files</Filter>
    </ClInclude>
    <ClInclude Include="others\ETL\include\imp\ImageColor.h">
      <Filter>Header Files</Filter>
    </ClInclude>
    <ClInclude Include="others\ETL\include\imp\ImageData.h">
      <Filter>Header Files</Filter>
    </ClInclude>
    <ClInclude Include="others\ETL\include\imp\ImageProcess.h">
      <Filter>Header Files</Filter>
    </ClInclude>
    <ClInclude Include="others\ETL\include\ui\ImageCtrl.h">
      <Filter>Header Files</Filter>
    </ClInclude>
    <ClInclude Include="others\ETL\include\ui\LabelCtrl.h">
      <Filter>Header Files</Filter>
    </ClInclude>
    <ClInclude Include="others\ETL\include\etlbase.h">
      <Filter>Header Files</Filter>
    </ClInclude>
    <ClInclude Include="others\ETL\WTL\include\atlapp.h">
      <Filter>Header Files</Filter>
    </ClInclude>
    <ClInclude Include="others\ETL\WTL\include\atlcrack.h">
      <Filter>Header Files</Filter>
    </ClInclude>
    <ClInclude Include="others\ETL\WTL\include\atlctrls.h">
      <Filter>Header Files</Filter>
    </ClInclude>
    <ClInclude Include="others\ETL\WTL\include\atlctrlw.h">
      <Filter>Header Files</Filter>
    </ClInclude>
    <ClInclude Include="others\ETL\WTL\include\atlctrlx.h">
      <Filter>Header Files</Filter>
    </ClInclude>
    <ClInclude Include="others\ETL\WTL\include\atlddx.h">
      <Filter>Header Files</Filter>
    </ClInclude>
    <ClInclude Include="others\ETL\WTL\include\atldlgs.h">
      <Filter>Header Files</Filter>
    </ClInclude>
    <ClInclude Include="others\ETL\WTL\include\atldwm.h">
      <Filter>Header Files</Filter>
    </ClInclude>
    <ClInclude Include="others\ETL\WTL\include\atlfind.h">
      <Filter>Header Files</Filter>
    </ClInclude>
    <ClInclude Include="others\ETL\WTL\include\atlframe.h">
      <Filter>Header Files</Filter>
    </ClInclude>
    <ClInclude Include="others\ETL\WTL\include\atlgdi.h">
      <Filter>Header Files</Filter>
    </ClInclude>
    <ClInclude Include="others\ETL\WTL\include\atlmisc.h">
      <Filter>Header Files</Filter>
    </ClInclude>
    <ClInclude Include="others\ETL\WTL\include\atlprint.h">
      <Filter>Header Files</Filter>
    </ClInclude>
    <ClInclude Include="others\ETL\WTL\include\atlres.h">
      <Filter>Header Files</Filter>
    </ClInclude>
    <ClInclude Include="others\ETL\WTL\include\atlribbon.h">
      <Filter>Header Files</Filter>
    </ClInclude>
    <ClInclude Include="others\ETL\WTL\include\atlscrl.h">
      <Filter>Header Files</Filter>
    </ClInclude>
    <ClInclude Include="others\ETL\WTL\include\atlsplit.h">
      <Filter>Header Files</Filter>
    </ClInclude>
    <ClInclude Include="others\ETL\WTL\include\atltheme.h">
      <Filter>Header Files</Filter>
    </ClInclude>
    <ClInclude Include="others\ETL\WTL\include\atluser.h">
      <Filter>Header Files</Filter>
    </ClInclude>
    <ClInclude Include="others\ETL\WTL\include\atlwinx.h">
      <Filter>Header Files</Filter>
    </ClInclude>
    <ClInclude Include="common\parameter.h">
      <Filter>Header Files</Filter>
    </ClInclude>
    <ClInclude Include="common\workboard.h">
      <Filter>Header Files</Filter>
    </ClInclude>
    <ClInclude Include="model\HeatDataModel.h">
      <Filter>Header Files</Filter>
    </ClInclude>
    <ClInclude Include="viewmodel\HeatViewModel.h">
      <Filter>Header Files</Filter>
    </ClInclude>
    <ClInclude Include="app\app.h">
      <Filter>Header Files</Filter>
    </ClInclude>
    <ClInclude Include="window\sink\mainwindowcommandsink.h">
      <Filter>Header Files</Filter>
    </ClInclude>
    <ClInclude Include="window\sink\mainwindowpropertysink.h">
      <Filter>Header Files</Filter>
    </ClInclude>
    <ClInclude Include="viewmodel\commands\CalcCommand.h">
      <Filter>Header Files</Filter>
    </ClInclude>
    <ClInclude Include="viewmodel\sinks\HeatViewModelSink.h">
      <Filter>Header Files</Filter>
    </ClInclude>
    <ClInclude Include="view\myheader.h">
      <Filter>Header Files</Filter>
    </ClInclude>
    <ClInclude Include="GeneratedFiles\ui_MainWindow.h">
      <Filter>Header Files</Filter>
    </ClInclude>
    <ClInclude Include="GeneratedFiles\ui_QtGuiClass.h">
      <Filter>Header Files</Filter>
    </ClInclude>
  </ItemGroup>
  <ItemGroup>
    <Midl Include="others\ETL\ATL\include\atliface.idl">
      <Filter>Source Files</Filter>
    </Midl>
  </ItemGroup>
  <ItemGroup>
    <ResourceCompile Include="others\ETL\ATL\include\atlres.rc" />
  </ItemGroup>
  <ItemGroup>
    <QtRcc Include="window\MainWindow.qrc">
      <Filter>Resource Files</Filter>
    </QtRcc>
  </ItemGroup>
</Project>